
Microsoft Visual Studio Solution File, Format Version 12.00
# Visual Studio Version 17
VisualStudioVersion = 17.4.33205.214
MinimumVisualStudioVersion = 10.0.40219.1
Project("{9A19103F-16F7-4668-BE54-9A1E7A4F7556}") = "WebApplicationProject", "WebApplicationProject.csproj", "{D90F3CED-81B0-4723-9B96-F2010D0608CE}"
EndProject
Project("{9A19103F-16F7-4668-BE54-9A1E7A4F7556}") = "SerVICE", "..\SerVICE\SerVICE.csproj", "{39E9AC1E-B164-403A-9CDD-C60EE7C7924C}"
EndProject
Project("{FAE04EC0-301F-11D3-BF4B-00C04F79EFBC}") = "SerVICE_WebApp", "..\SerVICE_WebApp\SerVICE_WebApp.csproj", "{E8BCE930-FC86-4814-994B-D3EBBFEFFD28}"
EndProject
Project("{FAE04EC0-301F-11D3-BF4B-00C04F79EFBC}") = "SerVICE_WebApp2", "..\SerVICE_WebApp2\SerVICE_WebApp2.csproj", "{7C80D4D5-514C-4230-9D96-FE9699EA305C}"
EndProject
Global
	GlobalSection(SolutionConfigurationPlatforms) = preSolution
		Debug|Any CPU = Debug|Any CPU
		Release|Any CPU = Release|Any CPU
	EndGlobalSection
	GlobalSection(ProjectConfigurationPlatforms) = postSolution
		{D90F3CED-81B0-4723-9B96-F2010D0608CE}.Debug|Any CPU.ActiveCfg = Debug|Any CPU
		{D90F3CED-81B0-4723-9B96-F2010D0608CE}.Debug|Any CPU.Build.0 = Debug|Any CPU
		{D90F3CED-81B0-4723-9B96-F2010D0608CE}.Release|Any CPU.ActiveCfg = Release|Any CPU
		{D90F3CED-81B0-4723-9B96-F2010D0608CE}.Release|Any CPU.Build.0 = Release|Any CPU
		{39E9AC1E-B164-403A-9CDD-C60EE7C7924C}.Debug|Any CPU.ActiveCfg = Debug|Any CPU
		{39E9AC1E-B164-403A-9CDD-C60EE7C7924C}.Debug|Any CPU.Build.0 = Debug|Any CPU
		{39E9AC1E-B164-403A-9CDD-C60EE7C7924C}.Release|Any CPU.ActiveCfg = Release|Any CPU
		{39E9AC1E-B164-403A-9CDD-C60EE7C7924C}.Release|Any CPU.Build.0 = Release|Any CPU
		{E8BCE930-FC86-4814-994B-D3EBBFEFFD28}.Debug|Any CPU.ActiveCfg = Debug|Any CPU
		{E8BCE930-FC86-4814-994B-D3EBBFEFFD28}.Debug|Any CPU.Build.0 = Debug|Any CPU
		{E8BCE930-FC86-4814-994B-D3EBBFEFFD28}.Release|Any CPU.ActiveCfg = Release|Any CPU
		{E8BCE930-FC86-4814-994B-D3EBBFEFFD28}.Release|Any CPU.Build.0 = Release|Any CPU
		{7C80D4D5-514C-4230-9D96-FE9699EA305C}.Debug|Any CPU.ActiveCfg = Debug|Any CPU
		{7C80D4D5-514C-4230-9D96-FE9699EA305C}.Debug|Any CPU.Build.0 = Debug|Any CPU
		{7C80D4D5-514C-4230-9D96-FE9699EA305C}.Release|Any CPU.ActiveCfg = Release|Any CPU
		{7C80D4D5-514C-4230-9D96-FE9699EA305C}.Release|Any CPU.Build.0 = Release|Any CPU
	EndGlobalSection
	GlobalSection(SolutionProperties) = preSolution
		HideSolutionNode = FALSE
	EndGlobalSection
	GlobalSection(ExtensibilityGlobals) = postSolution
		SolutionGuid = {FAB46330-E6E1-4048-AF8B-4CC1EA7DBB16}
	EndGlobalSection
EndGlobal
